// !$*UTF8*$!
{
	archiveVersion = 1;
	classes = {
	};
	objectVersion = 50;
	objects = {

/* Begin PBXBuildFile section */
		38AA417824407F8300CC09F5 /* Collapsible.swift in Sources */ = {isa = PBXBuildFile; fileRef = 38AA417724407F8300CC09F5 /* Collapsible.swift */; };
		38AA417A2440865600CC09F5 /* InfiniteLoadingIndicator.swift in Sources */ = {isa = PBXBuildFile; fileRef = 38AA41792440865600CC09F5 /* InfiniteLoadingIndicator.swift */; };
		38AA417C2440883500CC09F5 /* Animations.swift in Sources */ = {isa = PBXBuildFile; fileRef = 38AA417B2440883500CC09F5 /* Animations.swift */; };
		38AB59B72439F374005FC0BE /* AppDelegate.swift in Sources */ = {isa = PBXBuildFile; fileRef = 38AB59B62439F374005FC0BE /* AppDelegate.swift */; };
		38AB59B92439F374005FC0BE /* SceneDelegate.swift in Sources */ = {isa = PBXBuildFile; fileRef = 38AB59B82439F374005FC0BE /* SceneDelegate.swift */; };
		38AB59BB2439F374005FC0BE /* ContentView.swift in Sources */ = {isa = PBXBuildFile; fileRef = 38AB59BA2439F374005FC0BE /* ContentView.swift */; };
		38AB59BD2439F376005FC0BE /* Assets.xcassets in Resources */ = {isa = PBXBuildFile; fileRef = 38AB59BC2439F376005FC0BE /* Assets.xcassets */; };
		38AB59C02439F376005FC0BE /* Preview Assets.xcassets in Resources */ = {isa = PBXBuildFile; fileRef = 38AB59BF2439F376005FC0BE /* Preview Assets.xcassets */; };
		38AB59C32439F376005FC0BE /* LaunchScreen.storyboard in Resources */ = {isa = PBXBuildFile; fileRef = 38AB59C12439F376005FC0BE /* LaunchScreen.storyboard */; };
		38AB59CE2439F376005FC0BE /* ElementaryViewsTests.swift in Sources */ = {isa = PBXBuildFile; fileRef = 38AB59CD2439F376005FC0BE /* ElementaryViewsTests.swift */; };
		38AB59D92439F376005FC0BE /* ElementaryViewsUITests.swift in Sources */ = {isa = PBXBuildFile; fileRef = 38AB59D82439F376005FC0BE /* ElementaryViewsUITests.swift */; };
		38AB59E7243AB1FA005FC0BE /* CustomLayout.swift in Sources */ = {isa = PBXBuildFile; fileRef = 38AB59E6243AB1FA005FC0BE /* CustomLayout.swift */; };
		38AB59E9243BB588005FC0BE /* TablishView.swift in Sources */ = {isa = PBXBuildFile; fileRef = 38AB59E8243BB588005FC0BE /* TablishView.swift */; };
/* End PBXBuildFile section */

/* Begin PBXContainerItemProxy section */
		38AB59CA2439F376005FC0BE /* PBXContainerItemProxy */ = {
			isa = PBXContainerItemProxy;
			containerPortal = 38AB59AB2439F374005FC0BE /* Project object */;
			proxyType = 1;
			remoteGlobalIDString = 38AB59B22439F374005FC0BE;
			remoteInfo = ElementaryViews;
		};
		38AB59D52439F376005FC0BE /* PBXContainerItemProxy */ = {
			isa = PBXContainerItemProxy;
			containerPortal = 38AB59AB2439F374005FC0BE /* Project object */;
			proxyType = 1;
			remoteGlobalIDString = 38AB59B22439F374005FC0BE;
			remoteInfo = ElementaryViews;
		};
/* End PBXContainerItemProxy section */

/* Begin PBXFileReference section */
		38AA417724407F8300CC09F5 /* Collapsible.swift */ = {isa = PBXFileReference; lastKnownFileType = sourcecode.swift; path = Collapsible.swift; sourceTree = "<group>"; };
		38AA41792440865600CC09F5 /* InfiniteLoadingIndicator.swift */ = {isa = PBXFileReference; lastKnownFileType = sourcecode.swift; path = InfiniteLoadingIndicator.swift; sourceTree = "<group>"; };
		38AA417B2440883500CC09F5 /* Animations.swift */ = {isa = PBXFileReference; lastKnownFileType = sourcecode.swift; path = Animations.swift; sourceTree = "<group>"; };
		38AB59B32439F374005FC0BE /* ElementaryViews.app */ = {isa = PBXFileReference; explicitFileType = wrapper.application; includeInIndex = 0; path = ElementaryViews.app; sourceTree = BUILT_PRODUCTS_DIR; };
		38AB59B62439F374005FC0BE /* AppDelegate.swift */ = {isa = PBXFileReference; lastKnownFileType = sourcecode.swift; path = AppDelegate.swift; sourceTree = "<group>"; };
		38AB59B82439F374005FC0BE /* SceneDelegate.swift */ = {isa = PBXFileReference; lastKnownFileType = sourcecode.swift; path = SceneDelegate.swift; sourceTree = "<group>"; };
		38AB59BA2439F374005FC0BE /* ContentView.swift */ = {isa = PBXFileReference; lastKnownFileType = sourcecode.swift; path = ContentView.swift; sourceTree = "<group>"; };
		38AB59BC2439F376005FC0BE /* Assets.xcassets */ = {isa = PBXFileReference; lastKnownFileType = folder.assetcatalog; path = Assets.xcassets; sourceTree = "<group>"; };
		38AB59BF2439F376005FC0BE /* Preview Assets.xcassets */ = {isa = PBXFileReference; lastKnownFileType = folder.assetcatalog; path = "Preview Assets.xcassets"; sourceTree = "<group>"; };
		38AB59C22439F376005FC0BE /* Base */ = {isa = PBXFileReference; lastKnownFileType = file.storyboard; name = Base; path = Base.lproj/LaunchScreen.storyboard; sourceTree = "<group>"; };
		38AB59C42439F376005FC0BE /* Info.plist */ = {isa = PBXFileReference; lastKnownFileType = text.plist.xml; path = Info.plist; sourceTree = "<group>"; };
		38AB59C92439F376005FC0BE /* ElementaryViewsTests.xctest */ = {isa = PBXFileReference; explicitFileType = wrapper.cfbundle; includeInIndex = 0; path = ElementaryViewsTests.xctest; sourceTree = BUILT_PRODUCTS_DIR; };
		38AB59CD2439F376005FC0BE /* ElementaryViewsTests.swift */ = {isa = PBXFileReference; lastKnownFileType = sourcecode.swift; path = ElementaryViewsTests.swift; sourceTree = "<group>"; };
		38AB59CF2439F376005FC0BE /* Info.plist */ = {isa = PBXFileReference; lastKnownFileType = text.plist.xml; path = Info.plist; sourceTree = "<group>"; };
		38AB59D42439F376005FC0BE /* ElementaryViewsUITests.xctest */ = {isa = PBXFileReference; explicitFileType = wrapper.cfbundle; includeInIndex = 0; path = ElementaryViewsUITests.xctest; sourceTree = BUILT_PRODUCTS_DIR; };
		38AB59D82439F376005FC0BE /* ElementaryViewsUITests.swift */ = {isa = PBXFileReference; lastKnownFileType = sourcecode.swift; path = ElementaryViewsUITests.swift; sourceTree = "<group>"; };
		38AB59DA2439F376005FC0BE /* Info.plist */ = {isa = PBXFileReference; lastKnownFileType = text.plist.xml; path = Info.plist; sourceTree = "<group>"; };
		38AB59E6243AB1FA005FC0BE /* CustomLayout.swift */ = {isa = PBXFileReference; lastKnownFileType = sourcecode.swift; path = CustomLayout.swift; sourceTree = "<group>"; };
		38AB59E8243BB588005FC0BE /* TablishView.swift */ = {isa = PBXFileReference; lastKnownFileType = sourcecode.swift; path = TablishView.swift; sourceTree = "<group>"; };
/* End PBXFileReference section */

/* Begin PBXFrameworksBuildPhase section */
		38AB59B02439F374005FC0BE /* Frameworks */ = {
			isa = PBXFrameworksBuildPhase;
			buildActionMask = 2147483647;
			files = (
			);
			runOnlyForDeploymentPostprocessing = 0;
		};
		38AB59C62439F376005FC0BE /* Frameworks */ = {
			isa = PBXFrameworksBuildPhase;
			buildActionMask = 2147483647;
			files = (
			);
			runOnlyForDeploymentPostprocessing = 0;
		};
		38AB59D12439F376005FC0BE /* Frameworks */ = {
			isa = PBXFrameworksBuildPhase;
			buildActionMask = 2147483647;
			files = (
			);
			runOnlyForDeploymentPostprocessing = 0;
		};
/* End PBXFrameworksBuildPhase section */

/* Begin PBXGroup section */
		38AB59AA2439F374005FC0BE = {
			isa = PBXGroup;
			children = (
				38AA417724407F8300CC09F5 /* Collapsible.swift */,
				38AA41792440865600CC09F5 /* InfiniteLoadingIndicator.swift */,
				38AA417B2440883500CC09F5 /* Animations.swift */,
				38AB59E6243AB1FA005FC0BE /* CustomLayout.swift */,
				38AB59E8243BB588005FC0BE /* TablishView.swift */,
				38AB59B52439F374005FC0BE /* ElementaryViews */,
				38AB59CC2439F376005FC0BE /* ElementaryViewsTests */,
				38AB59D72439F376005FC0BE /* ElementaryViewsUITests */,
				38AB59B42439F374005FC0BE /* Products */,
			);
			sourceTree = "<group>";
		};
		38AB59B42439F374005FC0BE /* Products */ = {
			isa = PBXGroup;
			children = (
				38AB59B32439F374005FC0BE /* ElementaryViews.app */,
				38AB59C92439F376005FC0BE /* ElementaryViewsTests.xctest */,
				38AB59D42439F376005FC0BE /* ElementaryViewsUITests.xctest */,
			);
			name = Products;
			sourceTree = "<group>";
		};
		38AB59B52439F374005FC0BE /* ElementaryViews */ = {
			isa = PBXGroup;
			children = (
				38AB59B62439F374005FC0BE /* AppDelegate.swift */,
				38AB59B82439F374005FC0BE /* SceneDelegate.swift */,
				38AB59BA2439F374005FC0BE /* ContentView.swift */,
				38AB59BC2439F376005FC0BE /* Assets.xcassets */,
				38AB59C12439F376005FC0BE /* LaunchScreen.storyboard */,
				38AB59C42439F376005FC0BE /* Info.plist */,
				38AB59BE2439F376005FC0BE /* Preview Content */,
			);
			path = ElementaryViews;
			sourceTree = "<group>";
		};
		38AB59BE2439F376005FC0BE /* Preview Content */ = {
			isa = PBXGroup;
			children = (
				38AB59BF2439F376005FC0BE /* Preview Assets.xcassets */,
			);
			path = "Preview Content";
			sourceTree = "<group>";
		};
		38AB59CC2439F376005FC0BE /* ElementaryViewsTests */ = {
			isa = PBXGroup;
			children = (
				38AB59CD2439F376005FC0BE /* ElementaryViewsTests.swift */,
				38AB59CF2439F376005FC0BE /* Info.plist */,
			);
			path = ElementaryViewsTests;
			sourceTree = "<group>";
		};
		38AB59D72439F376005FC0BE /* ElementaryViewsUITests */ = {
			isa = PBXGroup;
			children = (
				38AB59D82439F376005FC0BE /* ElementaryViewsUITests.swift */,
				38AB59DA2439F376005FC0BE /* Info.plist */,
			);
			path = ElementaryViewsUITests;
			sourceTree = "<group>";
		};
/* End PBXGroup section */

/* Begin PBXNativeTarget section */
		38AB59B22439F374005FC0BE /* ElementaryViews */ = {
			isa = PBXNativeTarget;
			buildConfigurationList = 38AB59DD2439F376005FC0BE /* Build configuration list for PBXNativeTarget "ElementaryViews" */;
			buildPhases = (
				38AB59AF2439F374005FC0BE /* Sources */,
				38AB59B02439F374005FC0BE /* Frameworks */,
				38AB59B12439F374005FC0BE /* Resources */,
			);
			buildRules = (
			);
			dependencies = (
			);
			name = ElementaryViews;
			productName = ElementaryViews;
			productReference = 38AB59B32439F374005FC0BE /* ElementaryViews.app */;
			productType = "com.apple.product-type.application";
		};
		38AB59C82439F376005FC0BE /* ElementaryViewsTests */ = {
			isa = PBXNativeTarget;
			buildConfigurationList = 38AB59E02439F376005FC0BE /* Build configuration list for PBXNativeTarget "ElementaryViewsTests" */;
			buildPhases = (
				38AB59C52439F376005FC0BE /* Sources */,
				38AB59C62439F376005FC0BE /* Frameworks */,
				38AB59C72439F376005FC0BE /* Resources */,
			);
			buildRules = (
			);
			dependencies = (
				38AB59CB2439F376005FC0BE /* PBXTargetDependency */,
			);
			name = ElementaryViewsTests;
			productName = ElementaryViewsTests;
			productReference = 38AB59C92439F376005FC0BE /* ElementaryViewsTests.xctest */;
			productType = "com.apple.product-type.bundle.unit-test";
		};
		38AB59D32439F376005FC0BE /* ElementaryViewsUITests */ = {
			isa = PBXNativeTarget;
			buildConfigurationList = 38AB59E32439F376005FC0BE /* Build configuration list for PBXNativeTarget "ElementaryViewsUITests" */;
			buildPhases = (
				38AB59D02439F376005FC0BE /* Sources */,
				38AB59D12439F376005FC0BE /* Frameworks */,
				38AB59D22439F376005FC0BE /* Resources */,
			);
			buildRules = (
			);
			dependencies = (
				38AB59D62439F376005FC0BE /* PBXTargetDependency */,
			);
			name = ElementaryViewsUITests;
			productName = ElementaryViewsUITests;
			productReference = 38AB59D42439F376005FC0BE /* ElementaryViewsUITests.xctest */;
			productType = "com.apple.product-type.bundle.ui-testing";
		};
/* End PBXNativeTarget section */

/* Begin PBXProject section */
		38AB59AB2439F374005FC0BE /* Project object */ = {
			isa = PBXProject;
			attributes = {
				LastSwiftUpdateCheck = 1140;
				LastUpgradeCheck = 1140;
				ORGANIZATIONNAME = "James Stewart";
				TargetAttributes = {
					38AB59B22439F374005FC0BE = {
						CreatedOnToolsVersion = 11.4;
					};
					38AB59C82439F376005FC0BE = {
						CreatedOnToolsVersion = 11.4;
						TestTargetID = 38AB59B22439F374005FC0BE;
					};
					38AB59D32439F376005FC0BE = {
						CreatedOnToolsVersion = 11.4;
						TestTargetID = 38AB59B22439F374005FC0BE;
					};
				};
			};
			buildConfigurationList = 38AB59AE2439F374005FC0BE /* Build configuration list for PBXProject "ElementaryViews" */;
			compatibilityVersion = "Xcode 9.3";
			developmentRegion = en;
			hasScannedForEncodings = 0;
			knownRegions = (
				en,
				Base,
			);
			mainGroup = 38AB59AA2439F374005FC0BE;
			productRefGroup = 38AB59B42439F374005FC0BE /* Products */;
			projectDirPath = "";
			projectRoot = "";
			targets = (
				38AB59B22439F374005FC0BE /* ElementaryViews */,
				38AB59C82439F376005FC0BE /* ElementaryViewsTests */,
				38AB59D32439F376005FC0BE /* ElementaryViewsUITests */,
			);
		};
/* End PBXProject section */

/* Begin PBXResourcesBuildPhase section */
		38AB59B12439F374005FC0BE /* Resources */ = {
			isa = PBXResourcesBuildPhase;
			buildActionMask = 2147483647;
			files = (
				38AB59C32439F376005FC0BE /* LaunchScreen.storyboard in Resources */,
				38AB59C02439F376005FC0BE /* Preview Assets.xcassets in Resources */,
				38AB59BD2439F376005FC0BE /* Assets.xcassets in Resources */,
			);
			runOnlyForDeploymentPostprocessing = 0;
		};
		38AB59C72439F376005FC0BE /* Resources */ = {
			isa = PBXResourcesBuildPhase;
			buildActionMask = 2147483647;
			files = (
			);
			runOnlyForDeploymentPostprocessing = 0;
		};
		38AB59D22439F376005FC0BE /* Resources */ = {
			isa = PBXResourcesBuildPhase;
			buildActionMask = 2147483647;
			files = (
			);
			runOnlyForDeploymentPostprocessing = 0;
		};
/* End PBXResourcesBuildPhase section */

/* Begin PBXSourcesBuildPhase section */
		38AB59AF2439F374005FC0BE /* Sources */ = {
			isa = PBXSourcesBuildPhase;
			buildActionMask = 2147483647;
			files = (
				38AB59B72439F374005FC0BE /* AppDelegate.swift in Sources */,
				38AB59B92439F374005FC0BE /* SceneDelegate.swift in Sources */,
				38AA417824407F8300CC09F5 /* Collapsible.swift in Sources */,
				38AA417A2440865600CC09F5 /* InfiniteLoadingIndicator.swift in Sources */,
				38AB59E7243AB1FA005FC0BE /* CustomLayout.swift in Sources */,
				38AB59BB2439F374005FC0BE /* ContentView.swift in Sources */,
				38AA417C2440883500CC09F5 /* Animations.swift in Sources */,
				38AB59E9243BB588005FC0BE /* TablishView.swift in Sources */,
			);
			runOnlyForDeploymentPostprocessing = 0;
		};
		38AB59C52439F376005FC0BE /* Sources */ = {
			isa = PBXSourcesBuildPhase;
			buildActionMask = 2147483647;
			files = (
				38AB59CE2439F376005FC0BE /* ElementaryViewsTests.swift in Sources */,
			);
			runOnlyForDeploymentPostprocessing = 0;
		};
		38AB59D02439F376005FC0BE /* Sources */ = {
			isa = PBXSourcesBuildPhase;
			buildActionMask = 2147483647;
			files = (
				38AB59D92439F376005FC0BE /* ElementaryViewsUITests.swift in Sources */,
			);
			runOnlyForDeploymentPostprocessing = 0;
		};
/* End PBXSourcesBuildPhase section */

/* Begin PBXTargetDependency section */
		38AB59CB2439F376005FC0BE /* PBXTargetDependency */ = {
			isa = PBXTargetDependency;
			target = 38AB59B22439F374005FC0BE /* ElementaryViews */;
			targetProxy = 38AB59CA2439F376005FC0BE /* PBXContainerItemProxy */;
		};
		38AB59D62439F376005FC0BE /* PBXTargetDependency */ = {
			isa = PBXTargetDependency;
			target = 38AB59B22439F374005FC0BE /* ElementaryViews */;
			targetProxy = 38AB59D52439F376005FC0BE /* PBXContainerItemProxy */;
		};
/* End PBXTargetDependency section */

/* Begin PBXVariantGroup section */
		38AB59C12439F376005FC0BE /* LaunchScreen.storyboard */ = {
			isa = PBXVariantGroup;
			children = (
				38AB59C22439F376005FC0BE /* Base */,
			);
			name = LaunchScreen.storyboard;
			sourceTree = "<group>";
		};
/* End PBXVariantGroup section */

/* Begin XCBuildConfiguration section */
		38AB59DB2439F376005FC0BE /* Debug */ = {
			isa = XCBuildConfiguration;
			buildSettings = {
				ALWAYS_SEARCH_USER_PATHS = NO;
				CLANG_ANALYZER_NONNULL = YES;
				CLANG_ANALYZER_NUMBER_OBJECT_CONVERSION = YES_AGGRESSIVE;
				CLANG_CXX_LANGUAGE_STANDARD = "gnu++14";
				CLANG_CXX_LIBRARY = "libc++";
				CLANG_ENABLE_MODULES = YES;
				CLANG_ENABLE_OBJC_ARC = YES;
				CLANG_ENABLE_OBJC_WEAK = YES;
				CLANG_WARN_BLOCK_CAPTURE_AUTORELEASING = YES;
				CLANG_WARN_BOOL_CONVERSION = YES;
				CLANG_WARN_COMMA = YES;
				CLANG_WARN_CONSTANT_CONVERSION = YES;
				CLANG_WARN_DEPRECATED_OBJC_IMPLEMENTATIONS = YES;
				CLANG_WARN_DIRECT_OBJC_ISA_USAGE = YES_ERROR;
				CLANG_WARN_DOCUMENTATION_COMMENTS = YES;
				CLANG_WARN_EMPTY_BODY = YES;
				CLANG_WARN_ENUM_CONVERSION = YES;
				CLANG_WARN_INFINITE_RECURSION = YES;
				CLANG_WARN_INT_CONVERSION = YES;
				CLANG_WARN_NON_LITERAL_NULL_CONVERSION = YES;
				CLANG_WARN_OBJC_IMPLICIT_RETAIN_SELF = YES;
				CLANG_WARN_OBJC_LITERAL_CONVERSION = YES;
				CLANG_WARN_OBJC_ROOT_CLASS = YES_ERROR;
				CLANG_WARN_RANGE_LOOP_ANALYSIS = YES;
				CLANG_WARN_STRICT_PROTOTYPES = YES;
				CLANG_WARN_SUSPICIOUS_MOVE = YES;
				CLANG_WARN_UNGUARDED_AVAILABILITY = YES_AGGRESSIVE;
				CLANG_WARN_UNREACHABLE_CODE = YES;
				CLANG_WARN__DUPLICATE_METHOD_MATCH = YES;
				COPY_PHASE_STRIP = NO;
				DEBUG_INFORMATION_FORMAT = dwarf;
				ENABLE_STRICT_OBJC_MSGSEND = YES;
				ENABLE_TESTABILITY = YES;
				GCC_C_LANGUAGE_STANDARD = gnu11;
				GCC_DYNAMIC_NO_PIC = NO;
				GCC_NO_COMMON_BLOCKS = YES;
				GCC_OPTIMIZATION_LEVEL = 0;
				GCC_PREPROCESSOR_DEFINITIONS = (
					"DEBUG=1",
					"$(inherited)",
				);
				GCC_WARN_64_TO_32_BIT_CONVERSION = YES;
				GCC_WARN_ABOUT_RETURN_TYPE = YES_ERROR;
				GCC_WARN_UNDECLARED_SELECTOR = YES;
				GCC_WARN_UNINITIALIZED_AUTOS = YES_AGGRESSIVE;
				GCC_WARN_UNUSED_FUNCTION = YES;
				GCC_WARN_UNUSED_VARIABLE = YES;
				IPHONEOS_DEPLOYMENT_TARGET = 13.4;
				MTL_ENABLE_DEBUG_INFO = INCLUDE_SOURCE;
				MTL_FAST_MATH = YES;
				ONLY_ACTIVE_ARCH = YES;
				SDKROOT = iphoneos;
				SWIFT_ACTIVE_COMPILATION_CONDITIONS = DEBUG;
				SWIFT_OPTIMIZATION_LEVEL = "-Onone";
			};
			name = Debug;
		};
		38AB59DC2439F376005FC0BE /* Release */ = {
			isa = XCBuildConfiguration;
			buildSettings = {
				ALWAYS_SEARCH_USER_PATHS = NO;
				CLANG_ANALYZER_NONNULL = YES;
				CLANG_ANALYZER_NUMBER_OBJECT_CONVERSION = YES_AGGRESSIVE;
				CLANG_CXX_LANGUAGE_STANDARD = "gnu++14";
				CLANG_CXX_LIBRARY = "libc++";
				CLANG_ENABLE_MODULES = YES;
				CLANG_ENABLE_OBJC_ARC = YES;
				CLANG_ENABLE_OBJC_WEAK = YES;
				CLANG_WARN_BLOCK_CAPTURE_AUTORELEASING = YES;
				CLANG_WARN_BOOL_CONVERSION = YES;
				CLANG_WARN_COMMA = YES;
				CLANG_WARN_CONSTANT_CONVERSION = YES;
				CLANG_WARN_DEPRECATED_OBJC_IMPLEMENTATIONS = YES;
				CLANG_WARN_DIRECT_OBJC_ISA_USAGE = YES_ERROR;
				CLANG_WARN_DOCUMENTATION_COMMENTS = YES;
				CLANG_WARN_EMPTY_BODY = YES;
				CLANG_WARN_ENUM_CONVERSION = YES;
				CLANG_WARN_INFINITE_RECURSION = YES;
				CLANG_WARN_INT_CONVERSION = YES;
				CLANG_WARN_NON_LITERAL_NULL_CONVERSION = YES;
				CLANG_WARN_OBJC_IMPLICIT_RETAIN_SELF = YES;
				CLANG_WARN_OBJC_LITERAL_CONVERSION = YES;
				CLANG_WARN_OBJC_ROOT_CLASS = YES_ERROR;
				CLANG_WARN_RANGE_LOOP_ANALYSIS = YES;
				CLANG_WARN_STRICT_PROTOTYPES = YES;
				CLANG_WARN_SUSPICIOUS_MOVE = YES;
				CLANG_WARN_UNGUARDED_AVAILABILITY = YES_AGGRESSIVE;
				CLANG_WARN_UNREACHABLE_CODE = YES;
				CLANG_WARN__DUPLICATE_METHOD_MATCH = YES;
				COPY_PHASE_STRIP = NO;
				DEBUG_INFORMATION_FORMAT = "dwarf-with-dsym";
				ENABLE_NS_ASSERTIONS = NO;
				ENABLE_STRICT_OBJC_MSGSEND = YES;
				GCC_C_LANGUAGE_STANDARD = gnu11;
				GCC_NO_COMMON_BLOCKS = YES;
				GCC_WARN_64_TO_32_BIT_CONVERSION = YES;
				GCC_WARN_ABOUT_RETURN_TYPE = YES_ERROR;
				GCC_WARN_UNDECLARED_SELECTOR = YES;
				GCC_WARN_UNINITIALIZED_AUTOS = YES_AGGRESSIVE;
				GCC_WARN_UNUSED_FUNCTION = YES;
				GCC_WARN_UNUSED_VARIABLE = YES;
				IPHONEOS_DEPLOYMENT_TARGET = 13.4;
				MTL_ENABLE_DEBUG_INFO = NO;
				MTL_FAST_MATH = YES;
				SDKROOT = iphoneos;
				SWIFT_COMPILATION_MODE = wholemodule;
				SWIFT_OPTIMIZATION_LEVEL = "-O";
				VALIDATE_PRODUCT = YES;
			};
			name = Release;
		};
		38AB59DE2439F376005FC0BE /* Debug */ = {
			isa = XCBuildConfiguration;
			buildSettings = {
				ASSETCATALOG_COMPILER_APPICON_NAME = AppIcon;
				CODE_SIGN_STYLE = Automatic;
				DEVELOPMENT_ASSET_PATHS = "\"ElementaryViews/Preview Content\"";
				DEVELOPMENT_TEAM = 35HM669KA6;
				ENABLE_PREVIEWS = YES;
				INFOPLIST_FILE = ElementaryViews/Info.plist;
				LD_RUNPATH_SEARCH_PATHS = (
					"$(inherited)",
					"@executable_path/Frameworks",
				);
				PRODUCT_BUNDLE_IDENTIFIER = com.stewartstuff.ElementaryViews;
				PRODUCT_NAME = "$(TARGET_NAME)";
				SWIFT_VERSION = 5.0;
				TARGETED_DEVICE_FAMILY = "1,2";
			};
			name = Debug;
		};
		38AB59DF2439F376005FC0BE /* Release */ = {
			isa = XCBuildConfiguration;
			buildSettings = {
				ASSETCATALOG_COMPILER_APPICON_NAME = AppIcon;
				CODE_SIGN_STYLE = Automatic;
				DEVELOPMENT_ASSET_PATHS = "\"ElementaryViews/Preview Content\"";
				DEVELOPMENT_TEAM = 35HM669KA6;
				ENABLE_PREVIEWS = YES;
				INFOPLIST_FILE = ElementaryViews/Info.plist;
				LD_RUNPATH_SEARCH_PATHS = (
					"$(inherited)",
					"@executable_path/Frameworks",
				);
				PRODUCT_BUNDLE_IDENTIFIER = com.stewartstuff.ElementaryViews;
				PRODUCT_NAME = "$(TARGET_NAME)";
				SWIFT_VERSION = 5.0;
				TARGETED_DEVICE_FAMILY = "1,2";
			};
			name = Release;
		};
		38AB59E12439F376005FC0BE /* Debug */ = {
			isa = XCBuildConfiguration;
			buildSettings = {
				ALWAYS_EMBED_SWIFT_STANDARD_LIBRARIES = YES;
				BUNDLE_LOADER = "$(TEST_HOST)";
				CODE_SIGN_STYLE = Automatic;
				DEVELOPMENT_TEAM = 35HM669KA6;
				INFOPLIST_FILE = ElementaryViewsTests/Info.plist;
				IPHONEOS_DEPLOYMENT_TARGET = 13.4;
				LD_RUNPATH_SEARCH_PATHS = (
					"$(inherited)",
					"@executable_path/Frameworks",
					"@loader_path/Frameworks",
				);
				PRODUCT_BUNDLE_IDENTIFIER = com.stewartstuff.ElementaryViewsTests;
				PRODUCT_NAME = "$(TARGET_NAME)";
				SWIFT_VERSION = 5.0;
				TARGETED_DEVICE_FAMILY = "1,2";
				TEST_HOST = "$(BUILT_PRODUCTS_DIR)/ElementaryViews.app/ElementaryViews";
			};
			name = Debug;
		};
		38AB59E22439F376005FC0BE /* Release */ = {
			isa = XCBuildConfiguration;
			buildSettings = {
				ALWAYS_EMBED_SWIFT_STANDARD_LIBRARIES = YES;
				BUNDLE_LOADER = "$(TEST_HOST)";
				CODE_SIGN_STYLE = Automatic;
				DEVELOPMENT_TEAM = 35HM669KA6;
				INFOPLIST_FILE = ElementaryViewsTests/Info.plist;
				IPHONEOS_DEPLOYMENT_TARGET = 13.4;
				LD_RUNPATH_SEARCH_PATHS = (
					"$(inherited)",
					"@executable_path/Frameworks",
					"@loader_path/Frameworks",
				);
				PRODUCT_BUNDLE_IDENTIFIER = com.stewartstuff.ElementaryViewsTests;
				PRODUCT_NAME = "$(TARGET_NAME)";
				SWIFT_VERSION = 5.0;
				TARGETED_DEVICE_FAMILY = "1,2";
				TEST_HOST = "$(BUILT_PRODUCTS_DIR)/ElementaryViews.app/ElementaryViews";
			};
			name = Release;
		};
		38AB59E42439F376005FC0BE /* Debug */ = {
			isa = XCBuildConfiguration;
			buildSettings = {
				ALWAYS_EMBED_SWIFT_STANDARD_LIBRARIES = YES;
				CODE_SIGN_STYLE = Automatic;
				DEVELOPMENT_TEAM = 35HM669KA6;
				INFOPLIST_FILE = ElementaryViewsUITests/Info.plist;
				LD_RUNPATH_SEARCH_PATHS = (
					"$(inherited)",
					"@executable_path/Frameworks",
					"@loader_path/Frameworks",
				);
				PRODUCT_BUNDLE_IDENTIFIER = com.stewartstuff.ElementaryViewsUITests;
				PRODUCT_NAME = "$(TARGET_NAME)";
				SWIFT_VERSION = 5.0;
				TARGETED_DEVICE_FAMILY = "1,2";
				TEST_TARGET_NAME = ElementaryViews;
			};
			name = Debug;
		};
		38AB59E52439F376005FC0BE /* Release */ = {
			isa = XCBuildConfiguration;
			buildSettings = {
				ALWAYS_EMBED_SWIFT_STANDARD_LIBRARIES = YES;
				CODE_SIGN_STYLE = Automatic;
				DEVELOPMENT_TEAM = 35HM669KA6;
				INFOPLIST_FILE = ElementaryViewsUITests/Info.plist;
				LD_RUNPATH_SEARCH_PATHS = (
					"$(inherited)",
					"@executable_path/Frameworks",
					"@loader_path/Frameworks",
				);
				PRODUCT_BUNDLE_IDENTIFIER = com.stewartstuff.ElementaryViewsUITests;
				PRODUCT_NAME = "$(TARGET_NAME)";
				SWIFT_VERSION = 5.0;
				TARGETED_DEVICE_FAMILY = "1,2";
				TEST_TARGET_NAME = ElementaryViews;
			};
			name = Release;
		};
/* End XCBuildConfiguration section */

/* Begin XCConfigurationList section */
		38AB59AE2439F374005FC0BE /* Build configuration list for PBXProject "ElementaryViews" */ = {
			isa = XCConfigurationList;
			buildConfigurations = (
				38AB59DB2439F376005FC0BE /* Debug */,
				38AB59DC2439F376005FC0BE /* Release */,
			);
			defaultConfigurationIsVisible = 0;
			defaultConfigurationName = Release;
		};
		38AB59DD2439F376005FC0BE /* Build configuration list for PBXNativeTarget "ElementaryViews" */ = {
			isa = XCConfigurationList;
			buildConfigurations = (
				38AB59DE2439F376005FC0BE /* Debug */,
				38AB59DF2439F376005FC0BE /* Release */,
			);
			defaultConfigurationIsVisible = 0;
			defaultConfigurationName = Release;
		};
		38AB59E02439F376005FC0BE /* Build configuration list for PBXNativeTarget "ElementaryViewsTests" */ = {
			isa = XCConfigurationList;
			buildConfigurations = (
				38AB59E12439F376005FC0BE /* Debug */,
				38AB59E22439F376005FC0BE /* Release */,
			);
			defaultConfigurationIsVisible = 0;
			defaultConfigurationName = Release;
		};
		38AB59E32439F376005FC0BE /* Build configuration list for PBXNativeTarget "ElementaryViewsUITests" */ = {
			isa = XCConfigurationList;
			buildConfigurations = (
				38AB59E42439F376005FC0BE /* Debug */,
				38AB59E52439F376005FC0BE /* Release */,
			);
			defaultConfigurationIsVisible = 0;
			defaultConfigurationName = Release;
		};
/* End XCConfigurationList section */
	};
	rootObject = 38AB59AB2439F374005FC0BE /* Project object */;
}
